{
  "nodes": {
    "nixpkgs": {
      "locked": {
        "lastModified": 1787816113,
        "narHash": "sha256-jQieHgYZkOGlNFt1hadB47o8pj0BYCP7nDtZw8pJw88=",
        "owner": "NixOS",
        "repo": "nixpkgs",
        "rev": "f08237f98c13db7bb61dd22a35b25ba65c957825",
        "type": "github"
      },
      "original": {
        "owner": "NixOS",
        "ref": "master",
        "repo": "nixpkgs",
        "type": "github"
      }
    },
    "root": {
      "inputs": {
        "nixpkgs": "nixpkgs"
      }
    }
  },
  "root": "root",
  "version": 7
}
